
Microsoft Visual Studio Solution File, Format Version 12.00
# Visual Studio Version 16
VisualStudioVersion = 16.0.31321.278
MinimumVisualStudioVersion = 10.0.40219.1
Project("{FAE04EC0-301F-11D3-BF4B-00C04F79EFBC}") = "VideoMax", "VideoMax\VideoMax.csproj", "{F48C6B31-2BCF-4A07-A717-B402063285CD}"
EndProject
Global
	GlobalSection(SolutionConfigurationPlatforms) = preSolution
		Debug|Any CPU = Debug|Any CPU
		Release|Any CPU = Release|Any CPU
	EndGlobalSection
	GlobalSection(ProjectConfigurationPlatforms) = postSolution
		{F48C6B31-2BCF-4A07-A717-B402063285CD}.Debug|Any CPU.ActiveCfg = Debug|Any CPU
		{F48C6B31-2BCF-4A07-A717-B402063285CD}.Debug|Any CPU.Build.0 = Debug|Any CPU
		{F48C6B31-2BCF-4A07-A717-B402063285CD}.Release|Any CPU.ActiveCfg = Release|Any CPU
		{F48C6B31-2BCF-4A07-A717-B402063285CD}.Release|Any CPU.Build.0 = Release|Any CPU
	EndGlobalSection
	GlobalSection(SolutionProperties) = preSolution
		HideSolutionNode = FALSE
	EndGlobalSection
	GlobalSection(ExtensibilityGlobals) = postSolution
		SolutionGuid = {32680800-D3BC-4961-BB8D-90166E1D36C0}
	EndGlobalSection
EndGlobal
